
Microsoft Visual Studio Solution File, Format Version 12.00
# Visual Studio Version 16
VisualStudioVersion = 16.0.30907.101
MinimumVisualStudioVersion = 10.0.40219.1
Project("{FAE04EC0-301F-11D3-BF4B-00C04F79EFBC}") = "L6UI", "L6UI\L6UI.csproj", "{97D3BF97-42B9-49D7-B25F-FF42DE1B2945}"
EndProject
Global
	GlobalSection(SolutionConfigurationPlatforms) = preSolution
		Debug|Any CPU = Debug|Any CPU
		Release|Any CPU = Release|Any CPU
	EndGlobalSection
	GlobalSection(ProjectConfigurationPlatforms) = postSolution
		{97D3BF97-42B9-49D7-B25F-FF42DE1B2945}.Debug|Any CPU.ActiveCfg = Debug|Any CPU
		{97D3BF97-42B9-49D7-B25F-FF42DE1B2945}.Debug|Any CPU.Build.0 = Debug|Any CPU
		{97D3BF97-42B9-49D7-B25F-FF42DE1B2945}.Release|Any CPU.ActiveCfg = Release|Any CPU
		{97D3BF97-42B9-49D7-B25F-FF42DE1B2945}.Release|Any CPU.Build.0 = Release|Any CPU
	EndGlobalSection
	GlobalSection(SolutionProperties) = preSolution
		HideSolutionNode = FALSE
	EndGlobalSection
	GlobalSection(ExtensibilityGlobals) = postSolution
		SolutionGuid = {86DEECF4-E27E-47B7-A966-854A0E97B90B}
	EndGlobalSection
EndGlobal
