
Microsoft Visual Studio Solution File, Format Version 12.00
# Visual Studio Version 16
VisualStudioVersion = 16.0.30001.183
MinimumVisualStudioVersion = 10.0.40219.1
Project("{9A19103F-16F7-4668-BE54-9A1E7A4F7556}") = "L6", "L6\L6.csproj", "{9D0C440A-600A-4D5B-B150-1B9FCB671A24}"
EndProject
Project("{9A19103F-16F7-4668-BE54-9A1E7A4F7556}") = "L6_UnitTests", "L6_UnitTests\L6_UnitTests.csproj", "{4BCF0141-CDBA-4E6F-942C-F6D058B97163}"
EndProject
Project("{FAE04EC0-301F-11D3-BF4B-00C04F79EFBC}") = "L6_PWA_GUI.Server", "L6_PWA_GUI\Server\L6_PWA_GUI.Server.csproj", "{D605B23E-8CFF-4BAA-8EDA-1319C7F85B2E}"
EndProject
Project("{FAE04EC0-301F-11D3-BF4B-00C04F79EFBC}") = "L6_PWA_GUI.Client", "L6_PWA_GUI\Client\L6_PWA_GUI.Client.csproj", "{5CFC98C0-FFC4-465D-8DAF-FEACBAB7439E}"
EndProject
Project("{FAE04EC0-301F-11D3-BF4B-00C04F79EFBC}") = "L6_PWA_GUI.Shared", "L6_PWA_GUI\Shared\L6_PWA_GUI.Shared.csproj", "{18F48BB3-D0F3-46F7-9013-EFE2A4331C35}"
EndProject
Global
	GlobalSection(SolutionConfigurationPlatforms) = preSolution
		Debug|Any CPU = Debug|Any CPU
		Release|Any CPU = Release|Any CPU
	EndGlobalSection
	GlobalSection(ProjectConfigurationPlatforms) = postSolution
		{9D0C440A-600A-4D5B-B150-1B9FCB671A24}.Debug|Any CPU.ActiveCfg = Debug|Any CPU
		{9D0C440A-600A-4D5B-B150-1B9FCB671A24}.Debug|Any CPU.Build.0 = Debug|Any CPU
		{9D0C440A-600A-4D5B-B150-1B9FCB671A24}.Release|Any CPU.ActiveCfg = Release|Any CPU
		{9D0C440A-600A-4D5B-B150-1B9FCB671A24}.Release|Any CPU.Build.0 = Release|Any CPU
		{4BCF0141-CDBA-4E6F-942C-F6D058B97163}.Debug|Any CPU.ActiveCfg = Debug|Any CPU
		{4BCF0141-CDBA-4E6F-942C-F6D058B97163}.Debug|Any CPU.Build.0 = Debug|Any CPU
		{4BCF0141-CDBA-4E6F-942C-F6D058B97163}.Release|Any CPU.ActiveCfg = Release|Any CPU
		{4BCF0141-CDBA-4E6F-942C-F6D058B97163}.Release|Any CPU.Build.0 = Release|Any CPU
		{D605B23E-8CFF-4BAA-8EDA-1319C7F85B2E}.Debug|Any CPU.ActiveCfg = Debug|Any CPU
		{D605B23E-8CFF-4BAA-8EDA-1319C7F85B2E}.Debug|Any CPU.Build.0 = Debug|Any CPU
		{D605B23E-8CFF-4BAA-8EDA-1319C7F85B2E}.Release|Any CPU.ActiveCfg = Release|Any CPU
		{D605B23E-8CFF-4BAA-8EDA-1319C7F85B2E}.Release|Any CPU.Build.0 = Release|Any CPU
		{5CFC98C0-FFC4-465D-8DAF-FEACBAB7439E}.Debug|Any CPU.ActiveCfg = Debug|Any CPU
		{5CFC98C0-FFC4-465D-8DAF-FEACBAB7439E}.Debug|Any CPU.Build.0 = Debug|Any CPU
		{5CFC98C0-FFC4-465D-8DAF-FEACBAB7439E}.Release|Any CPU.ActiveCfg = Release|Any CPU
		{5CFC98C0-FFC4-465D-8DAF-FEACBAB7439E}.Release|Any CPU.Build.0 = Release|Any CPU
		{18F48BB3-D0F3-46F7-9013-EFE2A4331C35}.Debug|Any CPU.ActiveCfg = Debug|Any CPU
		{18F48BB3-D0F3-46F7-9013-EFE2A4331C35}.Debug|Any CPU.Build.0 = Debug|Any CPU
		{18F48BB3-D0F3-46F7-9013-EFE2A4331C35}.Release|Any CPU.ActiveCfg = Release|Any CPU
		{18F48BB3-D0F3-46F7-9013-EFE2A4331C35}.Release|Any CPU.Build.0 = Release|Any CPU
	EndGlobalSection
	GlobalSection(SolutionProperties) = preSolution
		HideSolutionNode = FALSE
	EndGlobalSection
	GlobalSection(ExtensibilityGlobals) = postSolution
		SolutionGuid = {C3802AEB-0CD1-44C7-B522-5B05D3A36924}
	EndGlobalSection
EndGlobal
